<?xml version="1.0" encoding="utf-8"?>
<Project ToolsVersion="4.0" xmlns="http://schemas.microsoft.com/developer/msbuild/2003">
  <ItemGroup>
    <Filter Include="소스 파일">
      <UniqueIdentifier>{4FC737F1-C7A5-4376-A066-2A32D752A2FF}</UniqueIdentifier>
      <Extensions>cpp;c;cc;cxx;def;odl;idl;hpj;bat;asm;asmx</Extensions>
    </Filter>
    <Filter Include="헤더 파일">
      <UniqueIdentifier>{93995380-89BD-4b04-88EB-625FBE52EBFB}</UniqueIdentifier>
      <Extensions>h;hh;hpp;hxx;hm;inl;inc;xsd</Extensions>
    </Filter>
    <Filter Include="리소스 파일">
      <UniqueIdentifier>{67DA6AB6-F800-4c08-8B7A-83BB121AAD01}</UniqueIdentifier>
      <Extensions>rc;ico;cur;bmp;dlg;rc2;rct;bin;rgs;gif;jpg;jpeg;jpe;resx;tiff;tif;png;wav;mfcribbon-ms</Extensions>
    </Filter>
    <Filter Include="FrameWorks">
      <UniqueIdentifier>{39884fa5-d89a-4ef6-a7a4-141f6c625ec6}</UniqueIdentifier>
    </Filter>
    <Filter Include="ShaderUtil">
      <UniqueIdentifier>{6ec9c289-901e-4ca8-8582-bb328b9edc6f}</UniqueIdentifier>
    </Filter>
    <Filter Include="2D">
      <UniqueIdentifier>{f4d8f1be-158c-4def-9f96-b769e1395b61}</UniqueIdentifier>
    </Filter>
    <Filter Include="System">
      <UniqueIdentifier>{b9b2ed4c-d7e8-48d8-b69b-b20a242d294e}</UniqueIdentifier>
    </Filter>
  </ItemGroup>
  <ItemGroup>
    <ClCompile Include="main.cpp">
      <Filter>소스 파일</Filter>
    </ClCompile>
    <ClCompile Include="CameraClass.cpp">
      <Filter>FrameWorks</Filter>
    </ClCompile>
    <ClCompile Include="D3dclass.cpp">
      <Filter>FrameWorks</Filter>
    </ClCompile>
    <ClCompile Include="GraphicClass.cpp">
      <Filter>FrameWorks</Filter>
    </ClCompile>
    <ClCompile Include="InputClass.cpp">
      <Filter>FrameWorks</Filter>
    </ClCompile>
    <ClCompile Include="LightClass.cpp">
      <Filter>FrameWorks</Filter>
    </ClCompile>
    <ClCompile Include="SystemClass.cpp">
      <Filter>FrameWorks</Filter>
    </ClCompile>
    <ClCompile Include="TextureClass.cpp">
      <Filter>FrameWorks</Filter>
    </ClCompile>
    <ClCompile Include="ColorShaderClass.cpp">
      <Filter>ShaderUtil</Filter>
    </ClCompile>
    <ClCompile Include="LightShaderClass.cpp">
      <Filter>ShaderUtil</Filter>
    </ClCompile>
    <ClCompile Include="TextureShaderClass.cpp">
      <Filter>ShaderUtil</Filter>
    </ClCompile>
    <ClCompile Include="ModelClass.cpp">
      <Filter>소스 파일</Filter>
    </ClCompile>
    <ClCompile Include="ShaderClass.cpp">
      <Filter>소스 파일</Filter>
    </ClCompile>
    <ClCompile Include="FontClass.cpp">
      <Filter>2D</Filter>
    </ClCompile>
    <ClCompile Include="FontShaderClass.cpp">
      <Filter>2D</Filter>
    </ClCompile>
    <ClCompile Include="TextClass.cpp">
      <Filter>2D</Filter>
    </ClCompile>
    <ClCompile Include="TimerClass.cpp">
      <Filter>System</Filter>
    </ClCompile>
    <ClCompile Include="FpsClass.cpp">
      <Filter>System</Filter>
    </ClCompile>
    <ClCompile Include="CpuClass.cpp">
      <Filter>System</Filter>
    </ClCompile>
    <ClCompile Include="ModellistClass.cpp">
      <Filter>소스 파일</Filter>
    </ClCompile>
    <ClCompile Include="BitmapClass.cpp">
      <Filter>2D</Filter>
    </ClCompile>
    <ClCompile Include="UIClass.cpp">
      <Filter>2D</Filter>
    </ClCompile>
    <ClCompile Include="PositionClass.cpp">
      <Filter>System</Filter>
    </ClCompile>
    <ClCompile Include="FrustumClass.cpp">
      <Filter>FrameWorks</Filter>
    </ClCompile>
    <ClCompile Include="AlphamapShaderClass.cpp">
      <Filter>ShaderUtil</Filter>
    </ClCompile>
    <ClCompile Include="LightmapShaderClass.cpp">
      <Filter>ShaderUtil</Filter>
    </ClCompile>
    <ClCompile Include="MultiTextureShaderClass.cpp">
      <Filter>ShaderUtil</Filter>
    </ClCompile>
    <ClCompile Include="TextureArray.cpp">
      <Filter>FrameWorks</Filter>
    </ClCompile>
    <ClCompile Include="DebugWindowsClass.cpp">
      <Filter>소스 파일</Filter>
    </ClCompile>
    <ClCompile Include="RenderTextureClass.cpp">
      <Filter>소스 파일</Filter>
    </ClCompile>
    <ClCompile Include="BumpmapShaderClass.cpp">
      <Filter>ShaderUtil</Filter>
    </ClCompile>
    <ClCompile Include="SpecmapShaderClass.cpp">
      <Filter>ShaderUtil</Filter>
    </ClCompile>
    <ClCompile Include="ClipPlaneShaderClass.cpp">
      <Filter>ShaderUtil</Filter>
    </ClCompile>
    <ClCompile Include="FogShaderClass.cpp">
      <Filter>ShaderUtil</Filter>
    </ClCompile>
    <ClCompile Include="TranslateShaderClass.cpp">
      <Filter>ShaderUtil</Filter>
    </ClCompile>
    <ClCompile Include="TransparentShaderClass.cpp">
      <Filter>ShaderUtil</Filter>
    </ClCompile>
  </ItemGroup>
  <ItemGroup>
    <ClInclude Include="CameraClass.h">
      <Filter>FrameWorks</Filter>
    </ClInclude>
    <ClInclude Include="D3dclass.h">
      <Filter>FrameWorks</Filter>
    </ClInclude>
    <ClInclude Include="InputClass.h">
      <Filter>FrameWorks</Filter>
    </ClInclude>
    <ClInclude Include="LightClass.h">
      <Filter>FrameWorks</Filter>
    </ClInclude>
    <ClInclude Include="GraphicClass.h">
      <Filter>FrameWorks</Filter>
    </ClInclude>
    <ClInclude Include="SystemClass.h">
      <Filter>FrameWorks</Filter>
    </ClInclude>
    <ClInclude Include="TextureClass.h">
      <Filter>FrameWorks</Filter>
    </ClInclude>
    <ClInclude Include="ColorShaderClass.h">
      <Filter>ShaderUtil</Filter>
    </ClInclude>
    <ClInclude Include="LightShaderClass.h">
      <Filter>ShaderUtil</Filter>
    </ClInclude>
    <ClInclude Include="TextureShaderClass.h">
      <Filter>ShaderUtil</Filter>
    </ClInclude>
    <ClInclude Include="ModelClass.h">
      <Filter>헤더 파일</Filter>
    </ClInclude>
    <ClInclude Include="ShaderClass.h">
      <Filter>헤더 파일</Filter>
    </ClInclude>
    <ClInclude Include="CpuClass.h">
      <Filter>System</Filter>
    </ClInclude>
    <ClInclude Include="FpsClass.h">
      <Filter>System</Filter>
    </ClInclude>
    <ClInclude Include="TimerClass.h">
      <Filter>System</Filter>
    </ClInclude>
    <ClInclude Include="TextClass.h">
      <Filter>2D</Filter>
    </ClInclude>
    <ClInclude Include="FontShaderClass.h">
      <Filter>2D</Filter>
    </ClInclude>
    <ClInclude Include="FontClass.h">
      <Filter>2D</Filter>
    </ClInclude>
    <ClInclude Include="ModellistClass.h">
      <Filter>헤더 파일</Filter>
    </ClInclude>
    <ClInclude Include="BitmapClass.h">
      <Filter>2D</Filter>
    </ClInclude>
    <ClInclude Include="UIClass.h">
      <Filter>2D</Filter>
    </ClInclude>
    <ClInclude Include="FrustumClass.h">
      <Filter>FrameWorks</Filter>
    </ClInclude>
    <ClInclude Include="PositionClass.h">
      <Filter>System</Filter>
    </ClInclude>
    <ClInclude Include="AlphamapShaderClass.h">
      <Filter>ShaderUtil</Filter>
    </ClInclude>
    <ClInclude Include="LightmapShaderClass.h">
      <Filter>ShaderUtil</Filter>
    </ClInclude>
    <ClInclude Include="MultiTextureShaderClass.h">
      <Filter>ShaderUtil</Filter>
    </ClInclude>
    <ClInclude Include="TextureArray.h">
      <Filter>FrameWorks</Filter>
    </ClInclude>
    <ClInclude Include="DebugWindowsClass.h">
      <Filter>헤더 파일</Filter>
    </ClInclude>
    <ClInclude Include="RenderTextureClass.h">
      <Filter>헤더 파일</Filter>
    </ClInclude>
    <ClInclude Include="BumpmapShaderClass.h">
      <Filter>ShaderUtil</Filter>
    </ClInclude>
    <ClInclude Include="SpecmapShaderClass.h">
      <Filter>ShaderUtil</Filter>
    </ClInclude>
    <ClInclude Include="ClipPlaneShaderClass.h">
      <Filter>ShaderUtil</Filter>
    </ClInclude>
    <ClInclude Include="TranslateShaderClass.h">
      <Filter>ShaderUtil</Filter>
    </ClInclude>
    <ClInclude Include="TransparentShaderClass.h">
      <Filter>ShaderUtil</Filter>
    </ClInclude>
    <ClInclude Include="FogShaderClass.h">
      <Filter>ShaderUtil</Filter>
    </ClInclude>
  </ItemGroup>
  <ItemGroup>
    <None Include="Color.hlsl" />
    <None Include="ColorVertex.hlsl" />
    <None Include="ColorPixel.hlsl" />
    <None Include="Light.fx" />
    <None Include="Light.vs" />
    <None Include="Light.ps" />
    <None Include="multitexture.fx" />
    <None Include="lightmap.fx" />
    <None Include="bumpmap.fx" />
    <None Include="specmap.fx" />
    <None Include="fog.fx" />
    <None Include="clipplane.fx" />
    <None Include="translate.fx" />
    <None Include="transparent.fx" />
  </ItemGroup>
  <ItemGroup>
    <FxCompile Include="texture.fx" />
    <FxCompile Include="alphamap.fx" />
  </ItemGroup>
  <ItemGroup>
    <Text Include="Cube.txt" />
  </ItemGroup>
</Project>