<?xml version="1.0" encoding="utf-8"?>
<Project ToolsVersion="4.0" xmlns="http://schemas.microsoft.com/developer/msbuild/2003">
  <ItemGroup>
    <Filter Include="소스 파일">
      <UniqueIdentifier>{4FC737F1-C7A5-4376-A066-2A32D752A2FF}</UniqueIdentifier>
      <Extensions>cpp;c;cc;cxx;def;odl;idl;hpj;bat;asm;asmx</Extensions>
    </Filter>
    <Filter Include="헤더 파일">
      <UniqueIdentifier>{93995380-89BD-4b04-88EB-625FBE52EBFB}</UniqueIdentifier>
      <Extensions>h;hh;hpp;hxx;hm;inl;inc;xsd</Extensions>
    </Filter>
    <Filter Include="리소스 파일">
      <UniqueIdentifier>{67DA6AB6-F800-4c08-8B7A-83BB121AAD01}</UniqueIdentifier>
      <Extensions>rc;ico;cur;bmp;dlg;rc2;rct;bin;rgs;gif;jpg;jpeg;jpe;resx;tiff;tif;png;wav;mfcribbon-ms</Extensions>
    </Filter>
    <Filter Include="FrameWorks">
      <UniqueIdentifier>{39884fa5-d89a-4ef6-a7a4-141f6c625ec6}</UniqueIdentifier>
    </Filter>
    <Filter Include="ShaderUtil">
      <UniqueIdentifier>{6ec9c289-901e-4ca8-8582-bb328b9edc6f}</UniqueIdentifier>
    </Filter>
    <Filter Include="2D">
      <UniqueIdentifier>{f4d8f1be-158c-4def-9f96-b769e1395b61}</UniqueIdentifier>
    </Filter>
    <Filter Include="System">
      <UniqueIdentifier>{b9b2ed4c-d7e8-48d8-b69b-b20a242d294e}</UniqueIdentifier>
    </Filter>
    <Filter Include="DXUT">
      <UniqueIdentifier>{ca3d2ee0-1ebb-48fa-92a7-5cf411f58663}</UniqueIdentifier>
    </Filter>
    <Filter Include="Sound">
      <UniqueIdentifier>{0d13a2bc-0bd7-4d70-9529-7e55142b441d}</UniqueIdentifier>
    </Filter>
  </ItemGroup>
  <ItemGroup>
    <ClCompile Include="main.cpp">
      <Filter>소스 파일</Filter>
    </ClCompile>
    <ClCompile Include="CameraClass.cpp">
      <Filter>FrameWorks</Filter>
    </ClCompile>
    <ClCompile Include="D3dclass.cpp">
      <Filter>FrameWorks</Filter>
    </ClCompile>
    <ClCompile Include="GraphicClass.cpp">
      <Filter>FrameWorks</Filter>
    </ClCompile>
    <ClCompile Include="InputClass.cpp">
      <Filter>FrameWorks</Filter>
    </ClCompile>
    <ClCompile Include="LightClass.cpp">
      <Filter>FrameWorks</Filter>
    </ClCompile>
    <ClCompile Include="SystemClass.cpp">
      <Filter>FrameWorks</Filter>
    </ClCompile>
    <ClCompile Include="TextureClass.cpp">
      <Filter>FrameWorks</Filter>
    </ClCompile>
    <ClCompile Include="ColorShaderClass.cpp">
      <Filter>ShaderUtil</Filter>
    </ClCompile>
    <ClCompile Include="LightShaderClass.cpp">
      <Filter>ShaderUtil</Filter>
    </ClCompile>
    <ClCompile Include="TextureShaderClass.cpp">
      <Filter>ShaderUtil</Filter>
    </ClCompile>
    <ClCompile Include="ModelClass.cpp">
      <Filter>소스 파일</Filter>
    </ClCompile>
    <ClCompile Include="ShaderClass.cpp">
      <Filter>소스 파일</Filter>
    </ClCompile>
    <ClCompile Include="FontClass.cpp">
      <Filter>2D</Filter>
    </ClCompile>
    <ClCompile Include="FontShaderClass.cpp">
      <Filter>2D</Filter>
    </ClCompile>
    <ClCompile Include="TextClass.cpp">
      <Filter>2D</Filter>
    </ClCompile>
    <ClCompile Include="TimerClass.cpp">
      <Filter>System</Filter>
    </ClCompile>
    <ClCompile Include="FpsClass.cpp">
      <Filter>System</Filter>
    </ClCompile>
    <ClCompile Include="CpuClass.cpp">
      <Filter>System</Filter>
    </ClCompile>
    <ClCompile Include="ModellistClass.cpp">
      <Filter>소스 파일</Filter>
    </ClCompile>
    <ClCompile Include="BitmapClass.cpp">
      <Filter>2D</Filter>
    </ClCompile>
    <ClCompile Include="UIClass.cpp">
      <Filter>2D</Filter>
    </ClCompile>
    <ClCompile Include="PositionClass.cpp">
      <Filter>System</Filter>
    </ClCompile>
    <ClCompile Include="FrustumClass.cpp">
      <Filter>FrameWorks</Filter>
    </ClCompile>
    <ClCompile Include="AlphamapShaderClass.cpp">
      <Filter>ShaderUtil</Filter>
    </ClCompile>
    <ClCompile Include="LightmapShaderClass.cpp">
      <Filter>ShaderUtil</Filter>
    </ClCompile>
    <ClCompile Include="MultiTextureShaderClass.cpp">
      <Filter>ShaderUtil</Filter>
    </ClCompile>
    <ClCompile Include="TextureArray.cpp">
      <Filter>FrameWorks</Filter>
    </ClCompile>
    <ClCompile Include="BumpmapShaderClass.cpp">
      <Filter>ShaderUtil</Filter>
    </ClCompile>
    <ClCompile Include="SpecmapShaderClass.cpp">
      <Filter>ShaderUtil</Filter>
    </ClCompile>
    <ClCompile Include="ClipPlaneShaderClass.cpp">
      <Filter>ShaderUtil</Filter>
    </ClCompile>
    <ClCompile Include="FogShaderClass.cpp">
      <Filter>ShaderUtil</Filter>
    </ClCompile>
    <ClCompile Include="TranslateShaderClass.cpp">
      <Filter>ShaderUtil</Filter>
    </ClCompile>
    <ClCompile Include="TransparentShaderClass.cpp">
      <Filter>ShaderUtil</Filter>
    </ClCompile>
    <ClCompile Include="DebugWindowsClass.cpp">
      <Filter>2D</Filter>
    </ClCompile>
    <ClCompile Include="RenderTextureClass.cpp">
      <Filter>2D</Filter>
    </ClCompile>
    <ClCompile Include="GraphicClass27.cpp">
      <Filter>소스 파일</Filter>
    </ClCompile>
    <ClCompile Include="GraphicClass29.cpp">
      <Filter>소스 파일</Filter>
    </ClCompile>
    <ClCompile Include="Light4Class.cpp">
      <Filter>소스 파일</Filter>
    </ClCompile>
    <ClCompile Include="GraphicClass30.cpp">
      <Filter>소스 파일</Filter>
    </ClCompile>
    <ClCompile Include="SoundClass.cpp">
      <Filter>Sound</Filter>
    </ClCompile>
    <ClCompile Include="GlassShaderClass.cpp">
      <Filter>소스 파일</Filter>
    </ClCompile>
    <ClCompile Include="FadeShaderClass.cpp">
      <Filter>ShaderUtil</Filter>
    </ClCompile>
    <ClCompile Include="Light4ShaderClass.cpp">
      <Filter>ShaderUtil</Filter>
    </ClCompile>
    <ClCompile Include="ReflectionShaderClass.cpp">
      <Filter>ShaderUtil</Filter>
    </ClCompile>
    <ClCompile Include="RefractionShaderClass.cpp">
      <Filter>ShaderUtil</Filter>
    </ClCompile>
    <ClCompile Include="WaterShaderClass.cpp">
      <Filter>ShaderUtil</Filter>
    </ClCompile>
    <ClCompile Include="GraphicClass32.cpp">
      <Filter>소스 파일</Filter>
    </ClCompile>
    <ClCompile Include="FireShaderClass.cpp">
      <Filter>소스 파일</Filter>
    </ClCompile>
    <ClCompile Include="GraphicsClass33.cpp">
      <Filter>소스 파일</Filter>
    </ClCompile>
    <ClCompile Include="GraphicClass34.cpp">
      <Filter>소스 파일</Filter>
    </ClCompile>
    <ClCompile Include="DepthShaderClass.cpp">
      <Filter>소스 파일</Filter>
    </ClCompile>
    <ClCompile Include="GraphicClass35.cpp">
      <Filter>소스 파일</Filter>
    </ClCompile>
    <ClCompile Include="HorizontalBlurShaderClass.cpp">
      <Filter>소스 파일</Filter>
    </ClCompile>
    <ClCompile Include="VerticalBlurShaderClass.cpp">
      <Filter>소스 파일</Filter>
    </ClCompile>
    <ClCompile Include="OrthoWindowClass.cpp">
      <Filter>소스 파일</Filter>
    </ClCompile>
    <ClCompile Include="GraphicClass36.cpp">
      <Filter>소스 파일</Filter>
    </ClCompile>
    <ClCompile Include="InstanceModelClass.cpp">
      <Filter>소스 파일</Filter>
    </ClCompile>
    <ClCompile Include="InstanceTextureShaderClass.cpp">
      <Filter>소스 파일</Filter>
    </ClCompile>
    <ClCompile Include="GraphicClass37.cpp">
      <Filter>소스 파일</Filter>
    </ClCompile>
    <ClCompile Include="TeselColorShader.cpp">
      <Filter>소스 파일</Filter>
    </ClCompile>
    <ClCompile Include="ParticleSystemClass.cpp">
      <Filter>소스 파일</Filter>
    </ClCompile>
  </ItemGroup>
  <ItemGroup>
    <ClInclude Include="CameraClass.h">
      <Filter>FrameWorks</Filter>
    </ClInclude>
    <ClInclude Include="D3dclass.h">
      <Filter>FrameWorks</Filter>
    </ClInclude>
    <ClInclude Include="InputClass.h">
      <Filter>FrameWorks</Filter>
    </ClInclude>
    <ClInclude Include="LightClass.h">
      <Filter>FrameWorks</Filter>
    </ClInclude>
    <ClInclude Include="GraphicClass.h">
      <Filter>FrameWorks</Filter>
    </ClInclude>
    <ClInclude Include="SystemClass.h">
      <Filter>FrameWorks</Filter>
    </ClInclude>
    <ClInclude Include="TextureClass.h">
      <Filter>FrameWorks</Filter>
    </ClInclude>
    <ClInclude Include="ColorShaderClass.h">
      <Filter>ShaderUtil</Filter>
    </ClInclude>
    <ClInclude Include="LightShaderClass.h">
      <Filter>ShaderUtil</Filter>
    </ClInclude>
    <ClInclude Include="TextureShaderClass.h">
      <Filter>ShaderUtil</Filter>
    </ClInclude>
    <ClInclude Include="ModelClass.h">
      <Filter>헤더 파일</Filter>
    </ClInclude>
    <ClInclude Include="ShaderClass.h">
      <Filter>헤더 파일</Filter>
    </ClInclude>
    <ClInclude Include="CpuClass.h">
      <Filter>System</Filter>
    </ClInclude>
    <ClInclude Include="FpsClass.h">
      <Filter>System</Filter>
    </ClInclude>
    <ClInclude Include="TimerClass.h">
      <Filter>System</Filter>
    </ClInclude>
    <ClInclude Include="TextClass.h">
      <Filter>2D</Filter>
    </ClInclude>
    <ClInclude Include="FontShaderClass.h">
      <Filter>2D</Filter>
    </ClInclude>
    <ClInclude Include="FontClass.h">
      <Filter>2D</Filter>
    </ClInclude>
    <ClInclude Include="ModellistClass.h">
      <Filter>헤더 파일</Filter>
    </ClInclude>
    <ClInclude Include="BitmapClass.h">
      <Filter>2D</Filter>
    </ClInclude>
    <ClInclude Include="UIClass.h">
      <Filter>2D</Filter>
    </ClInclude>
    <ClInclude Include="FrustumClass.h">
      <Filter>FrameWorks</Filter>
    </ClInclude>
    <ClInclude Include="PositionClass.h">
      <Filter>System</Filter>
    </ClInclude>
    <ClInclude Include="AlphamapShaderClass.h">
      <Filter>ShaderUtil</Filter>
    </ClInclude>
    <ClInclude Include="LightmapShaderClass.h">
      <Filter>ShaderUtil</Filter>
    </ClInclude>
    <ClInclude Include="MultiTextureShaderClass.h">
      <Filter>ShaderUtil</Filter>
    </ClInclude>
    <ClInclude Include="TextureArray.h">
      <Filter>FrameWorks</Filter>
    </ClInclude>
    <ClInclude Include="BumpmapShaderClass.h">
      <Filter>ShaderUtil</Filter>
    </ClInclude>
    <ClInclude Include="SpecmapShaderClass.h">
      <Filter>ShaderUtil</Filter>
    </ClInclude>
    <ClInclude Include="ClipPlaneShaderClass.h">
      <Filter>ShaderUtil</Filter>
    </ClInclude>
    <ClInclude Include="TranslateShaderClass.h">
      <Filter>ShaderUtil</Filter>
    </ClInclude>
    <ClInclude Include="TransparentShaderClass.h">
      <Filter>ShaderUtil</Filter>
    </ClInclude>
    <ClInclude Include="FogShaderClass.h">
      <Filter>ShaderUtil</Filter>
    </ClInclude>
    <ClInclude Include="RenderTextureClass.h">
      <Filter>2D</Filter>
    </ClInclude>
    <ClInclude Include="DebugWindowsClass.h">
      <Filter>2D</Filter>
    </ClInclude>
    <ClInclude Include="GraphicClass27.h">
      <Filter>헤더 파일</Filter>
    </ClInclude>
    <ClInclude Include="GraphicClass29.h">
      <Filter>헤더 파일</Filter>
    </ClInclude>
    <ClInclude Include="Light4Class.h">
      <Filter>헤더 파일</Filter>
    </ClInclude>
    <ClInclude Include="GraphicClass30.h">
      <Filter>헤더 파일</Filter>
    </ClInclude>
    <ClInclude Include="SoundClass.h">
      <Filter>Sound</Filter>
    </ClInclude>
    <ClInclude Include="GlassShaderClass.h">
      <Filter>헤더 파일</Filter>
    </ClInclude>
    <ClInclude Include="RefractionShaderClass.h">
      <Filter>ShaderUtil</Filter>
    </ClInclude>
    <ClInclude Include="ReflectionShaderClass.h">
      <Filter>ShaderUtil</Filter>
    </ClInclude>
    <ClInclude Include="WaterShaderClass.h">
      <Filter>ShaderUtil</Filter>
    </ClInclude>
    <ClInclude Include="Light4ShaderClass.h">
      <Filter>ShaderUtil</Filter>
    </ClInclude>
    <ClInclude Include="FadeShaderClass.h">
      <Filter>ShaderUtil</Filter>
    </ClInclude>
    <ClInclude Include="GraphicClass32.h">
      <Filter>헤더 파일</Filter>
    </ClInclude>
    <ClInclude Include="FireShaderClass.h">
      <Filter>헤더 파일</Filter>
    </ClInclude>
    <ClInclude Include="GraphicsClass33.h">
      <Filter>헤더 파일</Filter>
    </ClInclude>
    <ClInclude Include="GraphicClass34.h">
      <Filter>헤더 파일</Filter>
    </ClInclude>
    <ClInclude Include="DepthShaderClass.h">
      <Filter>헤더 파일</Filter>
    </ClInclude>
    <ClInclude Include="GraphicClass35.h">
      <Filter>헤더 파일</Filter>
    </ClInclude>
    <ClInclude Include="HorizontalBlurShaderClass.h">
      <Filter>헤더 파일</Filter>
    </ClInclude>
    <ClInclude Include="VerticalBlurShaderClass.h">
      <Filter>헤더 파일</Filter>
    </ClInclude>
    <ClInclude Include="OrthoWindowClass.h">
      <Filter>헤더 파일</Filter>
    </ClInclude>
    <ClInclude Include="GraphicClass36.h">
      <Filter>헤더 파일</Filter>
    </ClInclude>
    <ClInclude Include="InstanceModelClass.h">
      <Filter>헤더 파일</Filter>
    </ClInclude>
    <ClInclude Include="InstanceTextureShaderClass.h">
      <Filter>헤더 파일</Filter>
    </ClInclude>
    <ClInclude Include="GraphicClass37.h">
      <Filter>헤더 파일</Filter>
    </ClInclude>
    <ClInclude Include="TeselColorShader.h">
      <Filter>헤더 파일</Filter>
    </ClInclude>
    <ClInclude Include="ParticleSystemClass.h">
      <Filter>헤더 파일</Filter>
    </ClInclude>
  </ItemGroup>
  <ItemGroup>
    <None Include="bumpmap.fx">
      <Filter>리소스 파일</Filter>
    </None>
    <None Include="clipplane.fx">
      <Filter>리소스 파일</Filter>
    </None>
    <None Include="Color.hlsl">
      <Filter>리소스 파일</Filter>
    </None>
    <None Include="ColorPixel.hlsl">
      <Filter>리소스 파일</Filter>
    </None>
    <None Include="ColorVertex.hlsl">
      <Filter>리소스 파일</Filter>
    </None>
    <None Include="fade.fx">
      <Filter>리소스 파일</Filter>
    </None>
    <None Include="fog.fx">
      <Filter>리소스 파일</Filter>
    </None>
    <None Include="glass.fx">
      <Filter>리소스 파일</Filter>
    </None>
    <None Include="Light.fx">
      <Filter>리소스 파일</Filter>
    </None>
    <None Include="Light.ps">
      <Filter>리소스 파일</Filter>
    </None>
    <None Include="Light.vs">
      <Filter>리소스 파일</Filter>
    </None>
    <None Include="light4.fx">
      <Filter>리소스 파일</Filter>
    </None>
    <None Include="lightmap.fx">
      <Filter>리소스 파일</Filter>
    </None>
    <None Include="multitexture.fx">
      <Filter>리소스 파일</Filter>
    </None>
    <None Include="refection.fx">
      <Filter>리소스 파일</Filter>
    </None>
    <None Include="refraction.fx">
      <Filter>리소스 파일</Filter>
    </None>
    <None Include="specmap.fx">
      <Filter>리소스 파일</Filter>
    </None>
    <None Include="translate.fx">
      <Filter>리소스 파일</Filter>
    </None>
    <None Include="transparent.fx">
      <Filter>리소스 파일</Filter>
    </None>
    <None Include="water.fx">
      <Filter>리소스 파일</Filter>
    </None>
    <None Include="Shader\fire.fx">
      <Filter>리소스 파일</Filter>
    </None>
    <None Include="Shader\depth.fx">
      <Filter>리소스 파일</Filter>
    </None>
    <None Include="Shader\horizontalblur.fx">
      <Filter>리소스 파일</Filter>
    </None>
    <None Include="Shader\verticalblur.fx">
      <Filter>리소스 파일</Filter>
    </None>
    <None Include="Shader\insttexture.fx">
      <Filter>리소스 파일</Filter>
    </None>
    <None Include="Shader\teselcolor.fx">
      <Filter>리소스 파일</Filter>
    </None>
    <None Include="Shader\teselcolor.hs">
      <Filter>리소스 파일</Filter>
    </None>
  </ItemGroup>
  <ItemGroup>
    <FxCompile Include="alphamap.fx">
      <Filter>리소스 파일</Filter>
    </FxCompile>
    <FxCompile Include="texture.fx">
      <Filter>리소스 파일</Filter>
    </FxCompile>
  </ItemGroup>
  <ItemGroup>
    <Text Include="Cube.txt">
      <Filter>리소스 파일</Filter>
    </Text>
  </ItemGroup>
</Project>